
Microsoft Visual Studio Solution File, Format Version 12.00
# Visual Studio 15
VisualStudioVersion = 15.0.27130.2036
MinimumVisualStudioVersion = 10.0.40219.1
Project("{2150E333-8FDC-42A3-9474-1A3956D46DE8}") = "root", "root", "{BC29F662-3E4D-411F-A4DA-93BE1BF81012}"
	ProjectSection(SolutionItems) = preProject
		.gitattributes = .gitattributes
		.gitignore = .gitignore
		appveyor.yml = appveyor.yml
		LICENSE = LICENSE
		README.md = README.md
		.editorconfig = .editorconfig
		pack.ps1 = pack.ps1
	EndProjectSection
EndProject
Project("{2150E333-8FDC-42A3-9474-1A3956D46DE8}") = "src", "src", "{E409731D-9AB4-4389-B611-53A3AF8324A4}"
EndProject
Project("{9A19103F-16F7-4668-BE54-9A1E7A4F7556}") = "MicroOrm.Dapper.Repositories", "src\MicroOrm.Dapper.Repositories\MicroOrm.Dapper.Repositories.csproj", "{EC3073B6-AD9A-491D-A117-8A3C771DD634}"
EndProject
Project("{2150E333-8FDC-42A3-9474-1A3956D46DE8}") = "test", "test", "{4EAE3A6B-35A5-4C95-AAB6-1D977F63184B}"
EndProject
Project("{9A19103F-16F7-4668-BE54-9A1E7A4F7556}") = "MicroOrm.Dapper.Repositories.Tests", "test\MicroOrm.Dapper.Repositories.Tests\MicroOrm.Dapper.Repositories.Tests.csproj", "{C1FDB39A-B2B9-4561-B38F-AB95783AEAD3}"
EndProject
Project("{2150E333-8FDC-42A3-9474-1A3956D46DE8}") = "docs", "docs", "{C684F924-3259-48C0-A5FD-5C815A86A1E6}"
ProjectSection(SolutionItems) = preProject
	docs\_config.yml = docs\_config.yml
	docs\index.md = docs\index.md
	docs\CNAME = docs\CNAME
EndProjectSection
EndProject
Project("{2150E333-8FDC-42A3-9474-1A3956D46DE8}") = ".github", ".github", "{90BBE8FB-0990-41D0-9754-D08DCAC415D5}"
ProjectSection(SolutionItems) = preProject
	.github\FUNDING.yml = .github\FUNDING.yml
	.github\renovate.json = .github\renovate.json
EndProjectSection
EndProject
Global
	GlobalSection(SolutionConfigurationPlatforms) = preSolution
		Debug|Any CPU = Debug|Any CPU
		Release|Any CPU = Release|Any CPU
	EndGlobalSection
	GlobalSection(ProjectConfigurationPlatforms) = postSolution
		{EC3073B6-AD9A-491D-A117-8A3C771DD634}.Debug|Any CPU.ActiveCfg = Debug|Any CPU
		{EC3073B6-AD9A-491D-A117-8A3C771DD634}.Debug|Any CPU.Build.0 = Debug|Any CPU
		{EC3073B6-AD9A-491D-A117-8A3C771DD634}.Release|Any CPU.ActiveCfg = Release|Any CPU
		{EC3073B6-AD9A-491D-A117-8A3C771DD634}.Release|Any CPU.Build.0 = Release|Any CPU
		{C1FDB39A-B2B9-4561-B38F-AB95783AEAD3}.Debug|Any CPU.ActiveCfg = Debug|Any CPU
		{C1FDB39A-B2B9-4561-B38F-AB95783AEAD3}.Debug|Any CPU.Build.0 = Debug|Any CPU
		{C1FDB39A-B2B9-4561-B38F-AB95783AEAD3}.Release|Any CPU.ActiveCfg = Release|Any CPU
		{C1FDB39A-B2B9-4561-B38F-AB95783AEAD3}.Release|Any CPU.Build.0 = Release|Any CPU
	EndGlobalSection
	GlobalSection(SolutionProperties) = preSolution
		HideSolutionNode = FALSE
	EndGlobalSection
	GlobalSection(NestedProjects) = preSolution
		{EC3073B6-AD9A-491D-A117-8A3C771DD634} = {E409731D-9AB4-4389-B611-53A3AF8324A4}
		{C1FDB39A-B2B9-4561-B38F-AB95783AEAD3} = {4EAE3A6B-35A5-4C95-AAB6-1D977F63184B}
		{90BBE8FB-0990-41D0-9754-D08DCAC415D5} = {BC29F662-3E4D-411F-A4DA-93BE1BF81012}
	EndGlobalSection
	GlobalSection(ExtensibilityGlobals) = postSolution
		SolutionGuid = {4D543221-E30F-4763-AAC8-A744A0F8D88E}
	EndGlobalSection
EndGlobal
