
Microsoft Visual Studio Solution File, Format Version 12.00
# Visual Studio 14
VisualStudioVersion = 14.0.23107.0
MinimumVisualStudioVersion = 10.0.40219.1
Project("{FAE04EC0-301F-11D3-BF4B-00C04F79EFBC}") = "MicroOrm.Dapper.Repositories", "src\MicroOrm.Dapper.Repositories\MicroOrm.Dapper.Repositories.csproj", "{95E85033-6983-4675-865D-B72F28B2F6F5}"
EndProject
Global
	GlobalSection(SolutionConfigurationPlatforms) = preSolution
		Debug|Any CPU = Debug|Any CPU
		Production|Any CPU = Production|Any CPU
		Release|Any CPU = Release|Any CPU
		Test|Any CPU = Test|Any CPU
	EndGlobalSection
	GlobalSection(ProjectConfigurationPlatforms) = postSolution
		{95E85033-6983-4675-865D-B72F28B2F6F5}.Debug|Any CPU.ActiveCfg = Debug|Any CPU
		{95E85033-6983-4675-865D-B72F28B2F6F5}.Debug|Any CPU.Build.0 = Debug|Any CPU
		{95E85033-6983-4675-865D-B72F28B2F6F5}.Production|Any CPU.ActiveCfg = Production|Any CPU
		{95E85033-6983-4675-865D-B72F28B2F6F5}.Production|Any CPU.Build.0 = Production|Any CPU
		{95E85033-6983-4675-865D-B72F28B2F6F5}.Release|Any CPU.ActiveCfg = Release|Any CPU
		{95E85033-6983-4675-865D-B72F28B2F6F5}.Release|Any CPU.Build.0 = Release|Any CPU
		{95E85033-6983-4675-865D-B72F28B2F6F5}.Test|Any CPU.ActiveCfg = Test|Any CPU
		{95E85033-6983-4675-865D-B72F28B2F6F5}.Test|Any CPU.Build.0 = Test|Any CPU
	EndGlobalSection
	GlobalSection(SolutionProperties) = preSolution
		HideSolutionNode = FALSE
	EndGlobalSection
EndGlobal
